
Microsoft Visual Studio Solution File, Format Version 12.00
# Visual Studio Version 17
VisualStudioVersion = 17.7.34202.233
MinimumVisualStudioVersion = 10.0.40219.1
Project("{FAE04EC0-301F-11D3-BF4B-00C04F79EFBC}") = "gezginsatici2", "gezginsatici2\gezginsatici2.csproj", "{FB6145AF-A56C-4B1B-A84A-A49E488DE432}"
EndProject
Global
	GlobalSection(SolutionConfigurationPlatforms) = preSolution
		Debug|Any CPU = Debug|Any CPU
		Release|Any CPU = Release|Any CPU
	EndGlobalSection
	GlobalSection(ProjectConfigurationPlatforms) = postSolution
		{FB6145AF-A56C-4B1B-A84A-A49E488DE432}.Debug|Any CPU.ActiveCfg = Debug|Any CPU
		{FB6145AF-A56C-4B1B-A84A-A49E488DE432}.Debug|Any CPU.Build.0 = Debug|Any CPU
		{FB6145AF-A56C-4B1B-A84A-A49E488DE432}.Release|Any CPU.ActiveCfg = Release|Any CPU
		{FB6145AF-A56C-4B1B-A84A-A49E488DE432}.Release|Any CPU.Build.0 = Release|Any CPU
	EndGlobalSection
	GlobalSection(SolutionProperties) = preSolution
		HideSolutionNode = FALSE
	EndGlobalSection
	GlobalSection(ExtensibilityGlobals) = postSolution
		SolutionGuid = {02B5ACB8-9BD2-404A-8F7C-3AFCC87A7934}
	EndGlobalSection
EndGlobal
